
Microsoft Visual Studio Solution File, Format Version 12.00
# Visual Studio Version 17
VisualStudioVersion = 17.7.34009.444
MinimumVisualStudioVersion = 10.0.40219.1
Project("{FAE04EC0-301F-11D3-BF4B-00C04F79EFBC}") = "ExamAPI", "ExamAPI.csproj", "{1AC99540-2DCD-4588-B3A4-5B1818AD958B}"
EndProject
Global
	GlobalSection(SolutionConfigurationPlatforms) = preSolution
		Debug|Any CPU = Debug|Any CPU
		Release|Any CPU = Release|Any CPU
	EndGlobalSection
	GlobalSection(ProjectConfigurationPlatforms) = postSolution
		{1AC99540-2DCD-4588-B3A4-5B1818AD958B}.Debug|Any CPU.ActiveCfg = Debug|Any CPU
		{1AC99540-2DCD-4588-B3A4-5B1818AD958B}.Debug|Any CPU.Build.0 = Debug|Any CPU
		{1AC99540-2DCD-4588-B3A4-5B1818AD958B}.Release|Any CPU.ActiveCfg = Release|Any CPU
		{1AC99540-2DCD-4588-B3A4-5B1818AD958B}.Release|Any CPU.Build.0 = Release|Any CPU
	EndGlobalSection
	GlobalSection(SolutionProperties) = preSolution
		HideSolutionNode = FALSE
	EndGlobalSection
	GlobalSection(ExtensibilityGlobals) = postSolution
		SolutionGuid = {FC1EA48E-5818-44FF-8C9D-1A08C40CE272}
	EndGlobalSection
EndGlobal
